
Microsoft Visual Studio Solution File, Format Version 11.00
# Visual Studio 2010
Project("{2150E333-8FDC-42A3-9474-1A3956D46DE8}") = "SnakeGame", "SnakeGame", "{D1722B8B-EED9-4FC0-BC56-A2687E534E83}"
	ProjectSection(SolutionItems) = preProject
		Code.js = Code.js
		GamePage.html = GamePage.html
		Style.css = Style.css
	EndProjectSection
EndProject
Global
	GlobalSection(SolutionProperties) = preSolution
		HideSolutionNode = FALSE
	EndGlobalSection
EndGlobal
